// !$*UTF8*$!
{
	archiveVersion = 1;
	classes = {
	};
	objectVersion = 46;
	objects = {

/* Begin PBXBuildFile section */
		D364551F1B33CA050031EC8B /* main.m in Sources */ = {isa = PBXBuildFile; fileRef = D364551E1B33CA050031EC8B /* main.m */; };
		D36455221B33CA050031EC8B /* AppDelegate.m in Sources */ = {isa = PBXBuildFile; fileRef = D36455211B33CA050031EC8B /* AppDelegate.m */; };
		D36455251B33CA050031EC8B /* GameScene.m in Sources */ = {isa = PBXBuildFile; fileRef = D36455241B33CA050031EC8B /* GameScene.m */; };
		D36455271B33CA050031EC8B /* GameScene.sks in Resources */ = {isa = PBXBuildFile; fileRef = D36455261B33CA050031EC8B /* GameScene.sks */; };
		D364552A1B33CA050031EC8B /* GameViewController.m in Sources */ = {isa = PBXBuildFile; fileRef = D36455291B33CA050031EC8B /* GameViewController.m */; };
		D364552D1B33CA050031EC8B /* Main.storyboard in Resources */ = {isa = PBXBuildFile; fileRef = D364552B1B33CA050031EC8B /* Main.storyboard */; };
		D364552F1B33CA050031EC8B /* Images.xcassets in Resources */ = {isa = PBXBuildFile; fileRef = D364552E1B33CA050031EC8B /* Images.xcassets */; };
		D36455321B33CA050031EC8B /* LaunchScreen.xib in Resources */ = {isa = PBXBuildFile; fileRef = D36455301B33CA050031EC8B /* LaunchScreen.xib */; };
		D364553E1B33CA060031EC8B /* GameTests.m in Sources */ = {isa = PBXBuildFile; fileRef = D364553D1B33CA060031EC8B /* GameTests.m */; };
		D364554B1B33D7690031EC8B /* TestBackGround.jpg in Resources */ = {isa = PBXBuildFile; fileRef = D364554A1B33D7690031EC8B /* TestBackGround.jpg */; };
		D36455551B33DAB80031EC8B /* 4suits.png in Resources */ = {isa = PBXBuildFile; fileRef = D36455541B33DAB80031EC8B /* 4suits.png */; };
		D3A4513F1B353A9A0014EA78 /* UIScene.m in Sources */ = {isa = PBXBuildFile; fileRef = D3A4513E1B353A9A0014EA78 /* UIScene.m */; };
		D3A451421B353BC90014EA78 /* UIScene.sks in Resources */ = {isa = PBXBuildFile; fileRef = D3A451411B353BC90014EA78 /* UIScene.sks */; };
		D3A451481B355F020014EA78 /* Club.png in Resources */ = {isa = PBXBuildFile; fileRef = D3A451441B355F020014EA78 /* Club.png */; };
		D3A451491B355F020014EA78 /* Diamond.png in Resources */ = {isa = PBXBuildFile; fileRef = D3A451451B355F020014EA78 /* Diamond.png */; };
		D3A4514A1B355F020014EA78 /* Hearts.png in Resources */ = {isa = PBXBuildFile; fileRef = D3A451461B355F020014EA78 /* Hearts.png */; };
		D3A4514B1B355F020014EA78 /* Spade.png in Resources */ = {isa = PBXBuildFile; fileRef = D3A451471B355F020014EA78 /* Spade.png */; };
		D3A451501B355F530014EA78 /* target-Club.png in Resources */ = {isa = PBXBuildFile; fileRef = D3A4514C1B355F530014EA78 /* target-Club.png */; };
		D3A451511B355F530014EA78 /* target-Diamond.png in Resources */ = {isa = PBXBuildFile; fileRef = D3A4514D1B355F530014EA78 /* target-Diamond.png */; };
		D3A451521B355F530014EA78 /* target-Hearts.png in Resources */ = {isa = PBXBuildFile; fileRef = D3A4514E1B355F530014EA78 /* target-Hearts.png */; };
		D3A451531B355F530014EA78 /* target-Spade.png in Resources */ = {isa = PBXBuildFile; fileRef = D3A4514F1B355F530014EA78 /* target-Spade.png */; };
		D3D339521B37AAFC000D5180 /* flower.png in Resources */ = {isa = PBXBuildFile; fileRef = D3D339511B37AAFC000D5180 /* flower.png */; };
		D3D339551B37BBCF000D5180 /* StartViewController.m in Sources */ = {isa = PBXBuildFile; fileRef = D3D339541B37BBCF000D5180 /* StartViewController.m */; };
		D3E546721B34058D00A54C98 /* MatchBar.m in Sources */ = {isa = PBXBuildFile; fileRef = D3E546711B34058D00A54C98 /* MatchBar.m */; };
		D3E546751B341DFF00A54C98 /* Suits.m in Sources */ = {isa = PBXBuildFile; fileRef = D3E546741B341DFF00A54C98 /* Suits.m */; };
/* End PBXBuildFile section */

/* Begin PBXContainerItemProxy section */
		D36455381B33CA060031EC8B /* PBXContainerItemProxy */ = {
			isa = PBXContainerItemProxy;
			containerPortal = D36455111B33CA050031EC8B /* Project object */;
			proxyType = 1;
			remoteGlobalIDString = D36455181B33CA050031EC8B;
			remoteInfo = Game;
		};
/* End PBXContainerItemProxy section */

/* Begin PBXFileReference section */
		D36455191B33CA050031EC8B /* Game.app */ = {isa = PBXFileReference; explicitFileType = wrapper.application; includeInIndex = 0; path = Game.app; sourceTree = BUILT_PRODUCTS_DIR; };
		D364551D1B33CA050031EC8B /* Info.plist */ = {isa = PBXFileReference; lastKnownFileType = text.plist.xml; path = Info.plist; sourceTree = "<group>"; };
		D364551E1B33CA050031EC8B /* main.m */ = {isa = PBXFileReference; lastKnownFileType = sourcecode.c.objc; path = main.m; sourceTree = "<group>"; };
		D36455201B33CA050031EC8B /* AppDelegate.h */ = {isa = PBXFileReference; lastKnownFileType = sourcecode.c.h; path = AppDelegate.h; sourceTree = "<group>"; };
		D36455211B33CA050031EC8B /* AppDelegate.m */ = {isa = PBXFileReference; lastKnownFileType = sourcecode.c.objc; path = AppDelegate.m; sourceTree = "<group>"; };
		D36455231B33CA050031EC8B /* GameScene.h */ = {isa = PBXFileReference; lastKnownFileType = sourcecode.c.h; path = GameScene.h; sourceTree = "<group>"; };
		D36455241B33CA050031EC8B /* GameScene.m */ = {isa = PBXFileReference; lastKnownFileType = sourcecode.c.objc; path = GameScene.m; sourceTree = "<group>"; };
		D36455261B33CA050031EC8B /* GameScene.sks */ = {isa = PBXFileReference; lastKnownFileType = file.sks; path = GameScene.sks; sourceTree = "<group>"; };
		D36455281B33CA050031EC8B /* GameViewController.h */ = {isa = PBXFileReference; lastKnownFileType = sourcecode.c.h; path = GameViewController.h; sourceTree = "<group>"; };
		D36455291B33CA050031EC8B /* GameViewController.m */ = {isa = PBXFileReference; lastKnownFileType = sourcecode.c.objc; path = GameViewController.m; sourceTree = "<group>"; };
		D364552C1B33CA050031EC8B /* Base */ = {isa = PBXFileReference; lastKnownFileType = file.storyboard; name = Base; path = Base.lproj/Main.storyboard; sourceTree = "<group>"; };
		D364552E1B33CA050031EC8B /* Images.xcassets */ = {isa = PBXFileReference; lastKnownFileType = folder.assetcatalog; path = Images.xcassets; sourceTree = "<group>"; };
		D36455311B33CA050031EC8B /* Base */ = {isa = PBXFileReference; lastKnownFileType = file.xib; name = Base; path = Base.lproj/LaunchScreen.xib; sourceTree = "<group>"; };
		D36455371B33CA060031EC8B /* GameTests.xctest */ = {isa = PBXFileReference; explicitFileType = wrapper.cfbundle; includeInIndex = 0; path = GameTests.xctest; sourceTree = BUILT_PRODUCTS_DIR; };
		D364553C1B33CA060031EC8B /* Info.plist */ = {isa = PBXFileReference; lastKnownFileType = text.plist.xml; path = Info.plist; sourceTree = "<group>"; };
		D364553D1B33CA060031EC8B /* GameTests.m */ = {isa = PBXFileReference; lastKnownFileType = sourcecode.c.objc; path = GameTests.m; sourceTree = "<group>"; };
		D364554A1B33D7690031EC8B /* TestBackGround.jpg */ = {isa = PBXFileReference; lastKnownFileType = image.jpeg; path = TestBackGround.jpg; sourceTree = "<group>"; };
		D36455541B33DAB80031EC8B /* 4suits.png */ = {isa = PBXFileReference; lastKnownFileType = image.png; path = 4suits.png; sourceTree = "<group>"; };
		D3A4513E1B353A9A0014EA78 /* UIScene.m */ = {isa = PBXFileReference; fileEncoding = 4; lastKnownFileType = sourcecode.c.objc; path = UIScene.m; sourceTree = "<group>"; };
		D3A451401B353AA70014EA78 /* UIScene.h */ = {isa = PBXFileReference; lastKnownFileType = sourcecode.c.h; path = UIScene.h; sourceTree = "<group>"; };
		D3A451411B353BC90014EA78 /* UIScene.sks */ = {isa = PBXFileReference; lastKnownFileType = file.sks; path = UIScene.sks; sourceTree = "<group>"; };
		D3A451441B355F020014EA78 /* Club.png */ = {isa = PBXFileReference; lastKnownFileType = image.png; path = Club.png; sourceTree = "<group>"; };
		D3A451451B355F020014EA78 /* Diamond.png */ = {isa = PBXFileReference; lastKnownFileType = image.png; path = Diamond.png; sourceTree = "<group>"; };
		D3A451461B355F020014EA78 /* Hearts.png */ = {isa = PBXFileReference; lastKnownFileType = image.png; path = Hearts.png; sourceTree = "<group>"; };
		D3A451471B355F020014EA78 /* Spade.png */ = {isa = PBXFileReference; lastKnownFileType = image.png; path = Spade.png; sourceTree = "<group>"; };
		D3A4514C1B355F530014EA78 /* target-Club.png */ = {isa = PBXFileReference; lastKnownFileType = image.png; path = "target-Club.png"; sourceTree = "<group>"; };
		D3A4514D1B355F530014EA78 /* target-Diamond.png */ = {isa = PBXFileReference; lastKnownFileType = image.png; path = "target-Diamond.png"; sourceTree = "<group>"; };
		D3A4514E1B355F530014EA78 /* target-Hearts.png */ = {isa = PBXFileReference; lastKnownFileType = image.png; path = "target-Hearts.png"; sourceTree = "<group>"; };
		D3A4514F1B355F530014EA78 /* target-Spade.png */ = {isa = PBXFileReference; lastKnownFileType = image.png; path = "target-Spade.png"; sourceTree = "<group>"; };
		D3D339511B37AAFC000D5180 /* flower.png */ = {isa = PBXFileReference; lastKnownFileType = image.png; path = flower.png; sourceTree = "<group>"; };
		D3D339531B37BBCF000D5180 /* StartViewController.h */ = {isa = PBXFileReference; fileEncoding = 4; lastKnownFileType = sourcecode.c.h; path = StartViewController.h; sourceTree = "<group>"; };
		D3D339541B37BBCF000D5180 /* StartViewController.m */ = {isa = PBXFileReference; fileEncoding = 4; lastKnownFileType = sourcecode.c.objc; path = StartViewController.m; sourceTree = "<group>"; };
		D3E546711B34058D00A54C98 /* MatchBar.m */ = {isa = PBXFileReference; fileEncoding = 4; lastKnownFileType = sourcecode.c.objc; path = MatchBar.m; sourceTree = "<group>"; };
		D3E546731B3405A800A54C98 /* MatchBar.h */ = {isa = PBXFileReference; lastKnownFileType = sourcecode.c.h; path = MatchBar.h; sourceTree = "<group>"; };
		D3E546741B341DFF00A54C98 /* Suits.m */ = {isa = PBXFileReference; fileEncoding = 4; lastKnownFileType = sourcecode.c.objc; path = Suits.m; sourceTree = "<group>"; };
		D3E546761B341E0A00A54C98 /* Suits.h */ = {isa = PBXFileReference; lastKnownFileType = sourcecode.c.h; path = Suits.h; sourceTree = "<group>"; };
/* End PBXFileReference section */

/* Begin PBXFrameworksBuildPhase section */
		D36455161B33CA050031EC8B /* Frameworks */ = {
			isa = PBXFrameworksBuildPhase;
			buildActionMask = 2147483647;
			files = (
			);
			runOnlyForDeploymentPostprocessing = 0;
		};
		D36455341B33CA060031EC8B /* Frameworks */ = {
			isa = PBXFrameworksBuildPhase;
			buildActionMask = 2147483647;
			files = (
			);
			runOnlyForDeploymentPostprocessing = 0;
		};
/* End PBXFrameworksBuildPhase section */

/* Begin PBXGroup section */
		D36455101B33CA050031EC8B = {
			isa = PBXGroup;
			children = (
				D364551B1B33CA050031EC8B /* Game */,
				D364553A1B33CA060031EC8B /* GameTests */,
				D364551A1B33CA050031EC8B /* Products */,
			);
			sourceTree = "<group>";
		};
		D364551A1B33CA050031EC8B /* Products */ = {
			isa = PBXGroup;
			children = (
				D36455191B33CA050031EC8B /* Game.app */,
				D36455371B33CA060031EC8B /* GameTests.xctest */,
			);
			name = Products;
			sourceTree = "<group>";
		};
		D364551B1B33CA050031EC8B /* Game */ = {
			isa = PBXGroup;
			children = (
				D36455201B33CA050031EC8B /* AppDelegate.h */,
				D36455211B33CA050031EC8B /* AppDelegate.m */,
				D3A451401B353AA70014EA78 /* UIScene.h */,
				D3A4513E1B353A9A0014EA78 /* UIScene.m */,
				D3A451411B353BC90014EA78 /* UIScene.sks */,
				D36455231B33CA050031EC8B /* GameScene.h */,
				D36455241B33CA050031EC8B /* GameScene.m */,
				D36455261B33CA050031EC8B /* GameScene.sks */,
				D3E546731B3405A800A54C98 /* MatchBar.h */,
				D3E546711B34058D00A54C98 /* MatchBar.m */,
				D3E546761B341E0A00A54C98 /* Suits.h */,
				D3E546741B341DFF00A54C98 /* Suits.m */,
				D36455281B33CA050031EC8B /* GameViewController.h */,
				D36455291B33CA050031EC8B /* GameViewController.m */,
				D3D339531B37BBCF000D5180 /* StartViewController.h */,
				D3D339541B37BBCF000D5180 /* StartViewController.m */,
				D364552B1B33CA050031EC8B /* Main.storyboard */,
				D364552E1B33CA050031EC8B /* Images.xcassets */,
				D36455301B33CA050031EC8B /* LaunchScreen.xib */,
				D364551C1B33CA050031EC8B /* Supporting Files */,
			);
			path = Game;
			sourceTree = "<group>";
		};
		D364551C1B33CA050031EC8B /* Supporting Files */ = {
			isa = PBXGroup;
			children = (
				D36455491B33CFAA0031EC8B /* image */,
				D364551D1B33CA050031EC8B /* Info.plist */,
				D364551E1B33CA050031EC8B /* main.m */,
			);
			name = "Supporting Files";
			sourceTree = "<group>";
		};
		D364553A1B33CA060031EC8B /* GameTests */ = {
			isa = PBXGroup;
			children = (
				D364553D1B33CA060031EC8B /* GameTests.m */,
				D364553B1B33CA060031EC8B /* Supporting Files */,
			);
			path = GameTests;
			sourceTree = "<group>";
		};
		D364553B1B33CA060031EC8B /* Supporting Files */ = {
			isa = PBXGroup;
			children = (
				D364553C1B33CA060031EC8B /* Info.plist */,
			);
			name = "Supporting Files";
			sourceTree = "<group>";
		};
		D36455491B33CFAA0031EC8B /* image */ = {
			isa = PBXGroup;
			children = (
				D3D339511B37AAFC000D5180 /* flower.png */,
				D3A451441B355F020014EA78 /* Club.png */,
				D3A451451B355F020014EA78 /* Diamond.png */,
				D3A451461B355F020014EA78 /* Hearts.png */,
				D3A451471B355F020014EA78 /* Spade.png */,
				D3A4514C1B355F530014EA78 /* target-Club.png */,
				D3A4514D1B355F530014EA78 /* target-Diamond.png */,
				D3A4514E1B355F530014EA78 /* target-Hearts.png */,
				D3A4514F1B355F530014EA78 /* target-Spade.png */,
				D36455541B33DAB80031EC8B /* 4suits.png */,
				D364554A1B33D7690031EC8B /* TestBackGround.jpg */,
			);
			name = image;
			sourceTree = "<group>";
		};
/* End PBXGroup section */

/* Begin PBXNativeTarget section */
		D36455181B33CA050031EC8B /* Game */ = {
			isa = PBXNativeTarget;
			buildConfigurationList = D36455411B33CA060031EC8B /* Build configuration list for PBXNativeTarget "Game" */;
			buildPhases = (
				D36455151B33CA050031EC8B /* Sources */,
				D36455161B33CA050031EC8B /* Frameworks */,
				D36455171B33CA050031EC8B /* Resources */,
			);
			buildRules = (
			);
			dependencies = (
			);
			name = Game;
			productName = Game;
			productReference = D36455191B33CA050031EC8B /* Game.app */;
			productType = "com.apple.product-type.application";
		};
		D36455361B33CA060031EC8B /* GameTests */ = {
			isa = PBXNativeTarget;
			buildConfigurationList = D36455441B33CA060031EC8B /* Build configuration list for PBXNativeTarget "GameTests" */;
			buildPhases = (
				D36455331B33CA060031EC8B /* Sources */,
				D36455341B33CA060031EC8B /* Frameworks */,
				D36455351B33CA060031EC8B /* Resources */,
			);
			buildRules = (
			);
			dependencies = (
				D36455391B33CA060031EC8B /* PBXTargetDependency */,
			);
			name = GameTests;
			productName = GameTests;
			productReference = D36455371B33CA060031EC8B /* GameTests.xctest */;
			productType = "com.apple.product-type.bundle.unit-test";
		};
/* End PBXNativeTarget section */

/* Begin PBXProject section */
		D36455111B33CA050031EC8B /* Project object */ = {
			isa = PBXProject;
			attributes = {
				LastUpgradeCheck = 0630;
				ORGANIZATIONNAME = IOS;
				TargetAttributes = {
					D36455181B33CA050031EC8B = {
						CreatedOnToolsVersion = 6.3.2;
					};
					D36455361B33CA060031EC8B = {
						CreatedOnToolsVersion = 6.3.2;
						TestTargetID = D36455181B33CA050031EC8B;
					};
				};
			};
			buildConfigurationList = D36455141B33CA050031EC8B /* Build configuration list for PBXProject "Game" */;
			compatibilityVersion = "Xcode 3.2";
			developmentRegion = English;
			hasScannedForEncodings = 0;
			knownRegions = (
				en,
				Base,
			);
			mainGroup = D36455101B33CA050031EC8B;
			productRefGroup = D364551A1B33CA050031EC8B /* Products */;
			projectDirPath = "";
			projectRoot = "";
			targets = (
				D36455181B33CA050031EC8B /* Game */,
				D36455361B33CA060031EC8B /* GameTests */,
			);
		};
/* End PBXProject section */

/* Begin PBXResourcesBuildPhase section */
		D36455171B33CA050031EC8B /* Resources */ = {
			isa = PBXResourcesBuildPhase;
			buildActionMask = 2147483647;
			files = (
				D36455551B33DAB80031EC8B /* 4suits.png in Resources */,
				D3A451421B353BC90014EA78 /* UIScene.sks in Resources */,
				D3A451481B355F020014EA78 /* Club.png in Resources */,
				D36455321B33CA050031EC8B /* LaunchScreen.xib in Resources */,
				D364552F1B33CA050031EC8B /* Images.xcassets in Resources */,
				D364554B1B33D7690031EC8B /* TestBackGround.jpg in Resources */,
				D3A451521B355F530014EA78 /* target-Hearts.png in Resources */,
				D36455271B33CA050031EC8B /* GameScene.sks in Resources */,
				D3A451491B355F020014EA78 /* Diamond.png in Resources */,
				D3A451511B355F530014EA78 /* target-Diamond.png in Resources */,
				D3A4514A1B355F020014EA78 /* Hearts.png in Resources */,
				D3A451501B355F530014EA78 /* target-Club.png in Resources */,
				D3D339521B37AAFC000D5180 /* flower.png in Resources */,
				D3A4514B1B355F020014EA78 /* Spade.png in Resources */,
				D364552D1B33CA050031EC8B /* Main.storyboard in Resources */,
				D3A451531B355F530014EA78 /* target-Spade.png in Resources */,
			);
			runOnlyForDeploymentPostprocessing = 0;
		};
		D36455351B33CA060031EC8B /* Resources */ = {
			isa = PBXResourcesBuildPhase;
			buildActionMask = 2147483647;
			files = (
			);
			runOnlyForDeploymentPostprocessing = 0;
		};
/* End PBXResourcesBuildPhase section */

/* Begin PBXSourcesBuildPhase section */
		D36455151B33CA050031EC8B /* Sources */ = {
			isa = PBXSourcesBuildPhase;
			buildActionMask = 2147483647;
			files = (
				D3E546751B341DFF00A54C98 /* Suits.m in Sources */,
				D364552A1B33CA050031EC8B /* GameViewController.m in Sources */,
				D36455221B33CA050031EC8B /* AppDelegate.m in Sources */,
				D36455251B33CA050031EC8B /* GameScene.m in Sources */,
				D364551F1B33CA050031EC8B /* main.m in Sources */,
				D3D339551B37BBCF000D5180 /* StartViewController.m in Sources */,
				D3E546721B34058D00A54C98 /* MatchBar.m in Sources */,
				D3A4513F1B353A9A0014EA78 /* UIScene.m in Sources */,
			);
			runOnlyForDeploymentPostprocessing = 0;
		};
		D36455331B33CA060031EC8B /* Sources */ = {
			isa = PBXSourcesBuildPhase;
			buildActionMask = 2147483647;
			files = (
				D364553E1B33CA060031EC8B /* GameTests.m in Sources */,
			);
			runOnlyForDeploymentPostprocessing = 0;
		};
/* End PBXSourcesBuildPhase section */

/* Begin PBXTargetDependency section */
		D36455391B33CA060031EC8B /* PBXTargetDependency */ = {
			isa = PBXTargetDependency;
			target = D36455181B33CA050031EC8B /* Game */;
			targetProxy = D36455381B33CA060031EC8B /* PBXContainerItemProxy */;
		};
/* End PBXTargetDependency section */

/* Begin PBXVariantGroup section */
		D364552B1B33CA050031EC8B /* Main.storyboard */ = {
			isa = PBXVariantGroup;
			children = (
				D364552C1B33CA050031EC8B /* Base */,
			);
			name = Main.storyboard;
			sourceTree = "<group>";
		};
		D36455301B33CA050031EC8B /* LaunchScreen.xib */ = {
			isa = PBXVariantGroup;
			children = (
				D36455311B33CA050031EC8B /* Base */,
			);
			name = LaunchScreen.xib;
			sourceTree = "<group>";
		};
/* End PBXVariantGroup section */

/* Begin XCBuildConfiguration section */
		D364553F1B33CA060031EC8B /* Debug */ = {
			isa = XCBuildConfiguration;
			buildSettings = {
				ALWAYS_SEARCH_USER_PATHS = NO;
				CLANG_CXX_LANGUAGE_STANDARD = "gnu++0x";
				CLANG_CXX_LIBRARY = "libc++";
				CLANG_ENABLE_MODULES = YES;
				CLANG_ENABLE_OBJC_ARC = YES;
				CLANG_WARN_BOOL_CONVERSION = YES;
				CLANG_WARN_CONSTANT_CONVERSION = YES;
				CLANG_WARN_DIRECT_OBJC_ISA_USAGE = YES_ERROR;
				CLANG_WARN_EMPTY_BODY = YES;
				CLANG_WARN_ENUM_CONVERSION = YES;
				CLANG_WARN_INT_CONVERSION = YES;
				CLANG_WARN_OBJC_ROOT_CLASS = YES_ERROR;
				CLANG_WARN_UNREACHABLE_CODE = YES;
				CLANG_WARN__DUPLICATE_METHOD_MATCH = YES;
				"CODE_SIGN_IDENTITY[sdk=iphoneos*]" = "iPhone Developer";
				COPY_PHASE_STRIP = NO;
				DEBUG_INFORMATION_FORMAT = "dwarf-with-dsym";
				ENABLE_STRICT_OBJC_MSGSEND = YES;
				GCC_C_LANGUAGE_STANDARD = gnu99;
				GCC_DYNAMIC_NO_PIC = NO;
				GCC_NO_COMMON_BLOCKS = YES;
				GCC_OPTIMIZATION_LEVEL = 0;
				GCC_PREPROCESSOR_DEFINITIONS = (
					"DEBUG=1",
					"$(inherited)",
				);
				GCC_SYMBOLS_PRIVATE_EXTERN = NO;
				GCC_WARN_64_TO_32_BIT_CONVERSION = YES;
				GCC_WARN_ABOUT_RETURN_TYPE = YES_ERROR;
				GCC_WARN_UNDECLARED_SELECTOR = YES;
				GCC_WARN_UNINITIALIZED_AUTOS = YES_AGGRESSIVE;
				GCC_WARN_UNUSED_FUNCTION = YES;
				GCC_WARN_UNUSED_VARIABLE = YES;
				IPHONEOS_DEPLOYMENT_TARGET = 8.3;
				MTL_ENABLE_DEBUG_INFO = YES;
				ONLY_ACTIVE_ARCH = YES;
				SDKROOT = iphoneos;
				TARGETED_DEVICE_FAMILY = 2;
			};
			name = Debug;
		};
		D36455401B33CA060031EC8B /* Release */ = {
			isa = XCBuildConfiguration;
			buildSettings = {
				ALWAYS_SEARCH_USER_PATHS = NO;
				CLANG_CXX_LANGUAGE_STANDARD = "gnu++0x";
				CLANG_CXX_LIBRARY = "libc++";
				CLANG_ENABLE_MODULES = YES;
				CLANG_ENABLE_OBJC_ARC = YES;
				CLANG_WARN_BOOL_CONVERSION = YES;
				CLANG_WARN_CONSTANT_CONVERSION = YES;
				CLANG_WARN_DIRECT_OBJC_ISA_USAGE = YES_ERROR;
				CLANG_WARN_EMPTY_BODY = YES;
				CLANG_WARN_ENUM_CONVERSION = YES;
				CLANG_WARN_INT_CONVERSION = YES;
				CLANG_WARN_OBJC_ROOT_CLASS = YES_ERROR;
				CLANG_WARN_UNREACHABLE_CODE = YES;
				CLANG_WARN__DUPLICATE_METHOD_MATCH = YES;
				"CODE_SIGN_IDENTITY[sdk=iphoneos*]" = "iPhone Developer";
				COPY_PHASE_STRIP = NO;
				DEBUG_INFORMATION_FORMAT = "dwarf-with-dsym";
				ENABLE_NS_ASSERTIONS = NO;
				ENABLE_STRICT_OBJC_MSGSEND = YES;
				GCC_C_LANGUAGE_STANDARD = gnu99;
				GCC_NO_COMMON_BLOCKS = YES;
				GCC_WARN_64_TO_32_BIT_CONVERSION = YES;
				GCC_WARN_ABOUT_RETURN_TYPE = YES_ERROR;
				GCC_WARN_UNDECLARED_SELECTOR = YES;
				GCC_WARN_UNINITIALIZED_AUTOS = YES_AGGRESSIVE;
				GCC_WARN_UNUSED_FUNCTION = YES;
				GCC_WARN_UNUSED_VARIABLE = YES;
				IPHONEOS_DEPLOYMENT_TARGET = 8.3;
				MTL_ENABLE_DEBUG_INFO = NO;
				SDKROOT = iphoneos;
				TARGETED_DEVICE_FAMILY = 2;
				VALIDATE_PRODUCT = YES;
			};
			name = Release;
		};
		D36455421B33CA060031EC8B /* Debug */ = {
			isa = XCBuildConfiguration;
			buildSettings = {
				ASSETCATALOG_COMPILER_APPICON_NAME = AppIcon;
				INFOPLIST_FILE = Game/Info.plist;
				IPHONEOS_DEPLOYMENT_TARGET = 8.1;
				LD_RUNPATH_SEARCH_PATHS = "$(inherited) @executable_path/Frameworks";
				PRODUCT_NAME = "$(TARGET_NAME)";
				TARGETED_DEVICE_FAMILY = "1,2";
			};
			name = Debug;
		};
		D36455431B33CA060031EC8B /* Release */ = {
			isa = XCBuildConfiguration;
			buildSettings = {
				ASSETCATALOG_COMPILER_APPICON_NAME = AppIcon;
				INFOPLIST_FILE = Game/Info.plist;
				IPHONEOS_DEPLOYMENT_TARGET = 8.1;
				LD_RUNPATH_SEARCH_PATHS = "$(inherited) @executable_path/Frameworks";
				PRODUCT_NAME = "$(TARGET_NAME)";
				TARGETED_DEVICE_FAMILY = "1,2";
			};
			name = Release;
		};
		D36455451B33CA060031EC8B /* Debug */ = {
			isa = XCBuildConfiguration;
			buildSettings = {
				BUNDLE_LOADER = "$(TEST_HOST)";
				FRAMEWORK_SEARCH_PATHS = (
					"$(SDKROOT)/Developer/Library/Frameworks",
					"$(inherited)",
				);
				GCC_PREPROCESSOR_DEFINITIONS = (
					"DEBUG=1",
					"$(inherited)",
				);
				INFOPLIST_FILE = GameTests/Info.plist;
				LD_RUNPATH_SEARCH_PATHS = "$(inherited) @executable_path/Frameworks @loader_path/Frameworks";
				PRODUCT_NAME = "$(TARGET_NAME)";
				TEST_HOST = "$(BUILT_PRODUCTS_DIR)/Game.app/Game";
			};
			name = Debug;
		};
		D36455461B33CA060031EC8B /* Release */ = {
			isa = XCBuildConfiguration;
			buildSettings = {
				BUNDLE_LOADER = "$(TEST_HOST)";
				FRAMEWORK_SEARCH_PATHS = (
					"$(SDKROOT)/Developer/Library/Frameworks",
					"$(inherited)",
				);
				INFOPLIST_FILE = GameTests/Info.plist;
				LD_RUNPATH_SEARCH_PATHS = "$(inherited) @executable_path/Frameworks @loader_path/Frameworks";
				PRODUCT_NAME = "$(TARGET_NAME)";
				TEST_HOST = "$(BUILT_PRODUCTS_DIR)/Game.app/Game";
			};
			name = Release;
		};
/* End XCBuildConfiguration section */

/* Begin XCConfigurationList section */
		D36455141B33CA050031EC8B /* Build configuration list for PBXProject "Game" */ = {
			isa = XCConfigurationList;
			buildConfigurations = (
				D364553F1B33CA060031EC8B /* Debug */,
				D36455401B33CA060031EC8B /* Release */,
			);
			defaultConfigurationIsVisible = 0;
			defaultConfigurationName = Release;
		};
		D36455411B33CA060031EC8B /* Build configuration list for PBXNativeTarget "Game" */ = {
			isa = XCConfigurationList;
			buildConfigurations = (
				D36455421B33CA060031EC8B /* Debug */,
				D36455431B33CA060031EC8B /* Release */,
			);
			defaultConfigurationIsVisible = 0;
			defaultConfigurationName = Release;
		};
		D36455441B33CA060031EC8B /* Build configuration list for PBXNativeTarget "GameTests" */ = {
			isa = XCConfigurationList;
			buildConfigurations = (
				D36455451B33CA060031EC8B /* Debug */,
				D36455461B33CA060031EC8B /* Release */,
			);
			defaultConfigurationIsVisible = 0;
			defaultConfigurationName = Release;
		};
/* End XCConfigurationList section */
	};
	rootObject = D36455111B33CA050031EC8B /* Project object */;
}
